
Microsoft Visual Studio Solution File, Format Version 12.00
# Visual Studio Version 17
VisualStudioVersion = 17.14.36221.1 d17.14
MinimumVisualStudioVersion = 10.0.40219.1
Project("{FAE04EC0-301F-11D3-BF4B-00C04F79EFBC}") = "class11", "class11\class11.csproj", "{CF9B0201-DBCD-4B26-9022-A364C5C3F138}"
EndProject
Global
	GlobalSection(SolutionConfigurationPlatforms) = preSolution
		Debug|Any CPU = Debug|Any CPU
		Release|Any CPU = Release|Any CPU
	EndGlobalSection
	GlobalSection(ProjectConfigurationPlatforms) = postSolution
		{CF9B0201-DBCD-4B26-9022-A364C5C3F138}.Debug|Any CPU.ActiveCfg = Debug|Any CPU
		{CF9B0201-DBCD-4B26-9022-A364C5C3F138}.Debug|Any CPU.Build.0 = Debug|Any CPU
		{CF9B0201-DBCD-4B26-9022-A364C5C3F138}.Release|Any CPU.ActiveCfg = Release|Any CPU
		{CF9B0201-DBCD-4B26-9022-A364C5C3F138}.Release|Any CPU.Build.0 = Release|Any CPU
	EndGlobalSection
	GlobalSection(SolutionProperties) = preSolution
		HideSolutionNode = FALSE
	EndGlobalSection
	GlobalSection(ExtensibilityGlobals) = postSolution
		SolutionGuid = {01FEAB72-32C3-42F8-8AEE-17324807BCC9}
	EndGlobalSection
EndGlobal
